// !$*UTF8*$!
{
	archiveVersion = 1;
	classes = {
	};
	objectVersion = 56;
	objects = {

/* Begin PBXBuildFile section */
		B736010B2BD011D10047FCE3 /* AppDelegate.swift in Sources */ = {isa = PBXBuildFile; fileRef = B736010A2BD011D10047FCE3 /* AppDelegate.swift */; };
		B736010D2BD011D10047FCE3 /* SceneDelegate.swift in Sources */ = {isa = PBXBuildFile; fileRef = B736010C2BD011D10047FCE3 /* SceneDelegate.swift */; };
		B736010F2BD011D10047FCE3 /* ViewController.swift in Sources */ = {isa = PBXBuildFile; fileRef = B736010E2BD011D10047FCE3 /* ViewController.swift */; };
		B73601122BD011D10047FCE3 /* Main.storyboard in Resources */ = {isa = PBXBuildFile; fileRef = B73601102BD011D10047FCE3 /* Main.storyboard */; };
		B73601152BD011D10047FCE3 /* Symptom_Tracker.xcdatamodeld in Sources */ = {isa = PBXBuildFile; fileRef = B73601132BD011D10047FCE3 /* Symptom_Tracker.xcdatamodeld */; };
		B73601172BD011D30047FCE3 /* Assets.xcassets in Resources */ = {isa = PBXBuildFile; fileRef = B73601162BD011D30047FCE3 /* Assets.xcassets */; };
		B736011A2BD011D30047FCE3 /* LaunchScreen.storyboard in Resources */ = {isa = PBXBuildFile; fileRef = B73601182BD011D30047FCE3 /* LaunchScreen.storyboard */; };
		B73601252BD011D30047FCE3 /* Symptom_TrackerTests.swift in Sources */ = {isa = PBXBuildFile; fileRef = B73601242BD011D30047FCE3 /* Symptom_TrackerTests.swift */; };
		B736012F2BD011D40047FCE3 /* Symptom_TrackerUITests.swift in Sources */ = {isa = PBXBuildFile; fileRef = B736012E2BD011D40047FCE3 /* Symptom_TrackerUITests.swift */; };
		B73601312BD011D40047FCE3 /* Symptom_TrackerUITestsLaunchTests.swift in Sources */ = {isa = PBXBuildFile; fileRef = B73601302BD011D40047FCE3 /* Symptom_TrackerUITestsLaunchTests.swift */; };
		B736013F2BD0122D0047FCE3 /* CareKit in Frameworks */ = {isa = PBXBuildFile; productRef = B736013E2BD0122D0047FCE3 /* CareKit */; };
		B73601412BD0122D0047FCE3 /* CareKitFHIR in Frameworks */ = {isa = PBXBuildFile; productRef = B73601402BD0122D0047FCE3 /* CareKitFHIR */; };
		B73601432BD0122D0047FCE3 /* CareKitStore in Frameworks */ = {isa = PBXBuildFile; productRef = B73601422BD0122D0047FCE3 /* CareKitStore */; };
		B73601452BD0122D0047FCE3 /* CareKitUI in Frameworks */ = {isa = PBXBuildFile; productRef = B73601442BD0122D0047FCE3 /* CareKitUI */; };
		B73601472BD01FCE0047FCE3 /* SymptomTrackerViewController.swift in Sources */ = {isa = PBXBuildFile; fileRef = B73601462BD01FCE0047FCE3 /* SymptomTrackerViewController.swift */; };
		B73601492BD020200047FCE3 /* CareStore.swift in Sources */ = {isa = PBXBuildFile; fileRef = B73601482BD020200047FCE3 /* CareStore.swift */; };
/* End PBXBuildFile section */

/* Begin PBXContainerItemProxy section */
		B73601212BD011D30047FCE3 /* PBXContainerItemProxy */ = {
			isa = PBXContainerItemProxy;
			containerPortal = B73600FF2BD011D10047FCE3 /* Project object */;
			proxyType = 1;
			remoteGlobalIDString = B73601062BD011D10047FCE3;
			remoteInfo = "Symptom Tracker";
		};
		B736012B2BD011D40047FCE3 /* PBXContainerItemProxy */ = {
			isa = PBXContainerItemProxy;
			containerPortal = B73600FF2BD011D10047FCE3 /* Project object */;
			proxyType = 1;
			remoteGlobalIDString = B73601062BD011D10047FCE3;
			remoteInfo = "Symptom Tracker";
		};
/* End PBXContainerItemProxy section */

/* Begin PBXFileReference section */
		B73601072BD011D10047FCE3 /* Symptom Tracker.app */ = {isa = PBXFileReference; explicitFileType = wrapper.application; includeInIndex = 0; path = "Symptom Tracker.app"; sourceTree = BUILT_PRODUCTS_DIR; };
		B736010A2BD011D10047FCE3 /* AppDelegate.swift */ = {isa = PBXFileReference; lastKnownFileType = sourcecode.swift; path = AppDelegate.swift; sourceTree = "<group>"; };
		B736010C2BD011D10047FCE3 /* SceneDelegate.swift */ = {isa = PBXFileReference; lastKnownFileType = sourcecode.swift; path = SceneDelegate.swift; sourceTree = "<group>"; };
		B736010E2BD011D10047FCE3 /* ViewController.swift */ = {isa = PBXFileReference; lastKnownFileType = sourcecode.swift; path = ViewController.swift; sourceTree = "<group>"; };
		B73601112BD011D10047FCE3 /* Base */ = {isa = PBXFileReference; lastKnownFileType = file.storyboard; name = Base; path = Base.lproj/Main.storyboard; sourceTree = "<group>"; };
		B73601142BD011D10047FCE3 /* Symptom_Tracker.xcdatamodel */ = {isa = PBXFileReference; lastKnownFileType = wrapper.xcdatamodel; path = Symptom_Tracker.xcdatamodel; sourceTree = "<group>"; };
		B73601162BD011D30047FCE3 /* Assets.xcassets */ = {isa = PBXFileReference; lastKnownFileType = folder.assetcatalog; path = Assets.xcassets; sourceTree = "<group>"; };
		B73601192BD011D30047FCE3 /* Base */ = {isa = PBXFileReference; lastKnownFileType = file.storyboard; name = Base; path = Base.lproj/LaunchScreen.storyboard; sourceTree = "<group>"; };
		B736011B2BD011D30047FCE3 /* Info.plist */ = {isa = PBXFileReference; lastKnownFileType = text.plist.xml; path = Info.plist; sourceTree = "<group>"; };
		B73601202BD011D30047FCE3 /* Symptom TrackerTests.xctest */ = {isa = PBXFileReference; explicitFileType = wrapper.cfbundle; includeInIndex = 0; path = "Symptom TrackerTests.xctest"; sourceTree = BUILT_PRODUCTS_DIR; };
		B73601242BD011D30047FCE3 /* Symptom_TrackerTests.swift */ = {isa = PBXFileReference; lastKnownFileType = sourcecode.swift; path = Symptom_TrackerTests.swift; sourceTree = "<group>"; };
		B736012A2BD011D40047FCE3 /* Symptom TrackerUITests.xctest */ = {isa = PBXFileReference; explicitFileType = wrapper.cfbundle; includeInIndex = 0; path = "Symptom TrackerUITests.xctest"; sourceTree = BUILT_PRODUCTS_DIR; };
		B736012E2BD011D40047FCE3 /* Symptom_TrackerUITests.swift */ = {isa = PBXFileReference; lastKnownFileType = sourcecode.swift; path = Symptom_TrackerUITests.swift; sourceTree = "<group>"; };
		B73601302BD011D40047FCE3 /* Symptom_TrackerUITestsLaunchTests.swift */ = {isa = PBXFileReference; lastKnownFileType = sourcecode.swift; path = Symptom_TrackerUITestsLaunchTests.swift; sourceTree = "<group>"; };
		B73601462BD01FCE0047FCE3 /* SymptomTrackerViewController.swift */ = {isa = PBXFileReference; lastKnownFileType = sourcecode.swift; path = SymptomTrackerViewController.swift; sourceTree = "<group>"; };
		B73601482BD020200047FCE3 /* CareStore.swift */ = {isa = PBXFileReference; lastKnownFileType = sourcecode.swift; path = CareStore.swift; sourceTree = "<group>"; };
/* End PBXFileReference section */

/* Begin PBXFrameworksBuildPhase section */
		B73601042BD011D10047FCE3 /* Frameworks */ = {
			isa = PBXFrameworksBuildPhase;
			buildActionMask = 2147483647;
			files = (
				B736013F2BD0122D0047FCE3 /* CareKit in Frameworks */,
				B73601412BD0122D0047FCE3 /* CareKitFHIR in Frameworks */,
				B73601452BD0122D0047FCE3 /* CareKitUI in Frameworks */,
				B73601432BD0122D0047FCE3 /* CareKitStore in Frameworks */,
			);
			runOnlyForDeploymentPostprocessing = 0;
		};
		B736011D2BD011D30047FCE3 /* Frameworks */ = {
			isa = PBXFrameworksBuildPhase;
			buildActionMask = 2147483647;
			files = (
			);
			runOnlyForDeploymentPostprocessing = 0;
		};
		B73601272BD011D40047FCE3 /* Frameworks */ = {
			isa = PBXFrameworksBuildPhase;
			buildActionMask = 2147483647;
			files = (
			);
			runOnlyForDeploymentPostprocessing = 0;
		};
/* End PBXFrameworksBuildPhase section */

/* Begin PBXGroup section */
		B73600FE2BD011D10047FCE3 = {
			isa = PBXGroup;
			children = (
				B73601092BD011D10047FCE3 /* Symptom Tracker */,
				B73601232BD011D30047FCE3 /* Symptom TrackerTests */,
				B736012D2BD011D40047FCE3 /* Symptom TrackerUITests */,
				B73601082BD011D10047FCE3 /* Products */,
			);
			sourceTree = "<group>";
		};
		B73601082BD011D10047FCE3 /* Products */ = {
			isa = PBXGroup;
			children = (
				B73601072BD011D10047FCE3 /* Symptom Tracker.app */,
				B73601202BD011D30047FCE3 /* Symptom TrackerTests.xctest */,
				B736012A2BD011D40047FCE3 /* Symptom TrackerUITests.xctest */,
			);
			name = Products;
			sourceTree = "<group>";
		};
		B73601092BD011D10047FCE3 /* Symptom Tracker */ = {
			isa = PBXGroup;
			children = (
				B73601482BD020200047FCE3 /* CareStore.swift */,
				B736010A2BD011D10047FCE3 /* AppDelegate.swift */,
				B736010C2BD011D10047FCE3 /* SceneDelegate.swift */,
				B736010E2BD011D10047FCE3 /* ViewController.swift */,
				B73601462BD01FCE0047FCE3 /* SymptomTrackerViewController.swift */,
				B73601102BD011D10047FCE3 /* Main.storyboard */,
				B73601162BD011D30047FCE3 /* Assets.xcassets */,
				B73601182BD011D30047FCE3 /* LaunchScreen.storyboard */,
				B736011B2BD011D30047FCE3 /* Info.plist */,
				B73601132BD011D10047FCE3 /* Symptom_Tracker.xcdatamodeld */,
			);
			path = "Symptom Tracker";
			sourceTree = "<group>";
		};
		B73601232BD011D30047FCE3 /* Symptom TrackerTests */ = {
			isa = PBXGroup;
			children = (
				B73601242BD011D30047FCE3 /* Symptom_TrackerTests.swift */,
			);
			path = "Symptom TrackerTests";
			sourceTree = "<group>";
		};
		B736012D2BD011D40047FCE3 /* Symptom TrackerUITests */ = {
			isa = PBXGroup;
			children = (
				B736012E2BD011D40047FCE3 /* Symptom_TrackerUITests.swift */,
				B73601302BD011D40047FCE3 /* Symptom_TrackerUITestsLaunchTests.swift */,
			);
			path = "Symptom TrackerUITests";
			sourceTree = "<group>";
		};
/* End PBXGroup section */

/* Begin PBXNativeTarget section */
		B73601062BD011D10047FCE3 /* Symptom Tracker */ = {
			isa = PBXNativeTarget;
			buildConfigurationList = B73601342BD011D40047FCE3 /* Build configuration list for PBXNativeTarget "Symptom Tracker" */;
			buildPhases = (
				B73601032BD011D10047FCE3 /* Sources */,
				B73601042BD011D10047FCE3 /* Frameworks */,
				B73601052BD011D10047FCE3 /* Resources */,
			);
			buildRules = (
			);
			dependencies = (
			);
			name = "Symptom Tracker";
			packageProductDependencies = (
				B736013E2BD0122D0047FCE3 /* CareKit */,
				B73601402BD0122D0047FCE3 /* CareKitFHIR */,
				B73601422BD0122D0047FCE3 /* CareKitStore */,
				B73601442BD0122D0047FCE3 /* CareKitUI */,
			);
			productName = "Symptom Tracker";
			productReference = B73601072BD011D10047FCE3 /* Symptom Tracker.app */;
			productType = "com.apple.product-type.application";
		};
		B736011F2BD011D30047FCE3 /* Symptom TrackerTests */ = {
			isa = PBXNativeTarget;
			buildConfigurationList = B73601372BD011D40047FCE3 /* Build configuration list for PBXNativeTarget "Symptom TrackerTests" */;
			buildPhases = (
				B736011C2BD011D30047FCE3 /* Sources */,
				B736011D2BD011D30047FCE3 /* Frameworks */,
				B736011E2BD011D30047FCE3 /* Resources */,
			);
			buildRules = (
			);
			dependencies = (
				B73601222BD011D30047FCE3 /* PBXTargetDependency */,
			);
			name = "Symptom TrackerTests";
			productName = "Symptom TrackerTests";
			productReference = B73601202BD011D30047FCE3 /* Symptom TrackerTests.xctest */;
			productType = "com.apple.product-type.bundle.unit-test";
		};
		B73601292BD011D40047FCE3 /* Symptom TrackerUITests */ = {
			isa = PBXNativeTarget;
			buildConfigurationList = B736013A2BD011D40047FCE3 /* Build configuration list for PBXNativeTarget "Symptom TrackerUITests" */;
			buildPhases = (
				B73601262BD011D40047FCE3 /* Sources */,
				B73601272BD011D40047FCE3 /* Frameworks */,
				B73601282BD011D40047FCE3 /* Resources */,
			);
			buildRules = (
			);
			dependencies = (
				B736012C2BD011D40047FCE3 /* PBXTargetDependency */,
			);
			name = "Symptom TrackerUITests";
			productName = "Symptom TrackerUITests";
			productReference = B736012A2BD011D40047FCE3 /* Symptom TrackerUITests.xctest */;
			productType = "com.apple.product-type.bundle.ui-testing";
		};
/* End PBXNativeTarget section */

/* Begin PBXProject section */
		B73600FF2BD011D10047FCE3 /* Project object */ = {
			isa = PBXProject;
			attributes = {
				BuildIndependentTargetsInParallel = 1;
				LastSwiftUpdateCheck = 1520;
				LastUpgradeCheck = 1520;
				TargetAttributes = {
					B73601062BD011D10047FCE3 = {
						CreatedOnToolsVersion = 15.2;
					};
					B736011F2BD011D30047FCE3 = {
						CreatedOnToolsVersion = 15.2;
						TestTargetID = B73601062BD011D10047FCE3;
					};
					B73601292BD011D40047FCE3 = {
						CreatedOnToolsVersion = 15.2;
						TestTargetID = B73601062BD011D10047FCE3;
					};
				};
			};
			buildConfigurationList = B73601022BD011D10047FCE3 /* Build configuration list for PBXProject "Symptom Tracker" */;
			compatibilityVersion = "Xcode 14.0";
			developmentRegion = en;
			hasScannedForEncodings = 0;
			knownRegions = (
				en,
				Base,
			);
			mainGroup = B73600FE2BD011D10047FCE3;
			packageReferences = (
				B736013D2BD0122D0047FCE3 /* XCRemoteSwiftPackageReference "CareKit" */,
			);
			productRefGroup = B73601082BD011D10047FCE3 /* Products */;
			projectDirPath = "";
			projectRoot = "";
			targets = (
				B73601062BD011D10047FCE3 /* Symptom Tracker */,
				B736011F2BD011D30047FCE3 /* Symptom TrackerTests */,
				B73601292BD011D40047FCE3 /* Symptom TrackerUITests */,
			);
		};
/* End PBXProject section */

/* Begin PBXResourcesBuildPhase section */
		B73601052BD011D10047FCE3 /* Resources */ = {
			isa = PBXResourcesBuildPhase;
			buildActionMask = 2147483647;
			files = (
				B736011A2BD011D30047FCE3 /* LaunchScreen.storyboard in Resources */,
				B73601172BD011D30047FCE3 /* Assets.xcassets in Resources */,
				B73601122BD011D10047FCE3 /* Main.storyboard in Resources */,
			);
			runOnlyForDeploymentPostprocessing = 0;
		};
		B736011E2BD011D30047FCE3 /* Resources */ = {
			isa = PBXResourcesBuildPhase;
			buildActionMask = 2147483647;
			files = (
			);
			runOnlyForDeploymentPostprocessing = 0;
		};
		B73601282BD011D40047FCE3 /* Resources */ = {
			isa = PBXResourcesBuildPhase;
			buildActionMask = 2147483647;
			files = (
			);
			runOnlyForDeploymentPostprocessing = 0;
		};
/* End PBXResourcesBuildPhase section */

/* Begin PBXSourcesBuildPhase section */
		B73601032BD011D10047FCE3 /* Sources */ = {
			isa = PBXSourcesBuildPhase;
			buildActionMask = 2147483647;
			files = (
				B73601472BD01FCE0047FCE3 /* SymptomTrackerViewController.swift in Sources */,
				B73601152BD011D10047FCE3 /* Symptom_Tracker.xcdatamodeld in Sources */,
				B736010F2BD011D10047FCE3 /* ViewController.swift in Sources */,
				B736010B2BD011D10047FCE3 /* AppDelegate.swift in Sources */,
				B73601492BD020200047FCE3 /* CareStore.swift in Sources */,
				B736010D2BD011D10047FCE3 /* SceneDelegate.swift in Sources */,
			);
			runOnlyForDeploymentPostprocessing = 0;
		};
		B736011C2BD011D30047FCE3 /* Sources */ = {
			isa = PBXSourcesBuildPhase;
			buildActionMask = 2147483647;
			files = (
				B73601252BD011D30047FCE3 /* Symptom_TrackerTests.swift in Sources */,
			);
			runOnlyForDeploymentPostprocessing = 0;
		};
		B73601262BD011D40047FCE3 /* Sources */ = {
			isa = PBXSourcesBuildPhase;
			buildActionMask = 2147483647;
			files = (
				B736012F2BD011D40047FCE3 /* Symptom_TrackerUITests.swift in Sources */,
				B73601312BD011D40047FCE3 /* Symptom_TrackerUITestsLaunchTests.swift in Sources */,
			);
			runOnlyForDeploymentPostprocessing = 0;
		};
/* End PBXSourcesBuildPhase section */

/* Begin PBXTargetDependency section */
		B73601222BD011D30047FCE3 /* PBXTargetDependency */ = {
			isa = PBXTargetDependency;
			target = B73601062BD011D10047FCE3 /* Symptom Tracker */;
			targetProxy = B73601212BD011D30047FCE3 /* PBXContainerItemProxy */;
		};
		B736012C2BD011D40047FCE3 /* PBXTargetDependency */ = {
			isa = PBXTargetDependency;
			target = B73601062BD011D10047FCE3 /* Symptom Tracker */;
			targetProxy = B736012B2BD011D40047FCE3 /* PBXContainerItemProxy */;
		};
/* End PBXTargetDependency section */

/* Begin PBXVariantGroup section */
		B73601102BD011D10047FCE3 /* Main.storyboard */ = {
			isa = PBXVariantGroup;
			children = (
				B73601112BD011D10047FCE3 /* Base */,
			);
			name = Main.storyboard;
			sourceTree = "<group>";
		};
		B73601182BD011D30047FCE3 /* LaunchScreen.storyboard */ = {
			isa = PBXVariantGroup;
			children = (
				B73601192BD011D30047FCE3 /* Base */,
			);
			name = LaunchScreen.storyboard;
			sourceTree = "<group>";
		};
/* End PBXVariantGroup section */

/* Begin XCBuildConfiguration section */
		B73601322BD011D40047FCE3 /* Debug */ = {
			isa = XCBuildConfiguration;
			buildSettings = {
				ALWAYS_SEARCH_USER_PATHS = NO;
				ASSETCATALOG_COMPILER_GENERATE_SWIFT_ASSET_SYMBOL_EXTENSIONS = YES;
				CLANG_ANALYZER_NONNULL = YES;
				CLANG_ANALYZER_NUMBER_OBJECT_CONVERSION = YES_AGGRESSIVE;
				CLANG_CXX_LANGUAGE_STANDARD = "gnu++20";
				CLANG_ENABLE_MODULES = YES;
				CLANG_ENABLE_OBJC_ARC = YES;
				CLANG_ENABLE_OBJC_WEAK = YES;
				CLANG_WARN_BLOCK_CAPTURE_AUTORELEASING = YES;
				CLANG_WARN_BOOL_CONVERSION = YES;
				CLANG_WARN_COMMA = YES;
				CLANG_WARN_CONSTANT_CONVERSION = YES;
				CLANG_WARN_DEPRECATED_OBJC_IMPLEMENTATIONS = YES;
				CLANG_WARN_DIRECT_OBJC_ISA_USAGE = YES_ERROR;
				CLANG_WARN_DOCUMENTATION_COMMENTS = YES;
				CLANG_WARN_EMPTY_BODY = YES;
				CLANG_WARN_ENUM_CONVERSION = YES;
				CLANG_WARN_INFINITE_RECURSION = YES;
				CLANG_WARN_INT_CONVERSION = YES;
				CLANG_WARN_NON_LITERAL_NULL_CONVERSION = YES;
				CLANG_WARN_OBJC_IMPLICIT_RETAIN_SELF = YES;
				CLANG_WARN_OBJC_LITERAL_CONVERSION = YES;
				CLANG_WARN_OBJC_ROOT_CLASS = YES_ERROR;
				CLANG_WARN_QUOTED_INCLUDE_IN_FRAMEWORK_HEADER = YES;
				CLANG_WARN_RANGE_LOOP_ANALYSIS = YES;
				CLANG_WARN_STRICT_PROTOTYPES = YES;
				CLANG_WARN_SUSPICIOUS_MOVE = YES;
				CLANG_WARN_UNGUARDED_AVAILABILITY = YES_AGGRESSIVE;
				CLANG_WARN_UNREACHABLE_CODE = YES;
				CLANG_WARN__DUPLICATE_METHOD_MATCH = YES;
				COPY_PHASE_STRIP = NO;
				DEBUG_INFORMATION_FORMAT = dwarf;
				ENABLE_STRICT_OBJC_MSGSEND = YES;
				ENABLE_TESTABILITY = YES;
				ENABLE_USER_SCRIPT_SANDBOXING = YES;
				GCC_C_LANGUAGE_STANDARD = gnu17;
				GCC_DYNAMIC_NO_PIC = NO;
				GCC_NO_COMMON_BLOCKS = YES;
				GCC_OPTIMIZATION_LEVEL = 0;
				GCC_PREPROCESSOR_DEFINITIONS = (
					"DEBUG=1",
					"$(inherited)",
				);
				GCC_WARN_64_TO_32_BIT_CONVERSION = YES;
				GCC_WARN_ABOUT_RETURN_TYPE = YES_ERROR;
				GCC_WARN_UNDECLARED_SELECTOR = YES;
				GCC_WARN_UNINITIALIZED_AUTOS = YES_AGGRESSIVE;
				GCC_WARN_UNUSED_FUNCTION = YES;
				GCC_WARN_UNUSED_VARIABLE = YES;
				IPHONEOS_DEPLOYMENT_TARGET = 17.2;
				LOCALIZATION_PREFERS_STRING_CATALOGS = YES;
				MTL_ENABLE_DEBUG_INFO = INCLUDE_SOURCE;
				MTL_FAST_MATH = YES;
				ONLY_ACTIVE_ARCH = YES;
				SDKROOT = iphoneos;
				SWIFT_ACTIVE_COMPILATION_CONDITIONS = "DEBUG $(inherited)";
				SWIFT_OPTIMIZATION_LEVEL = "-Onone";
			};
			name = Debug;
		};
		B73601332BD011D40047FCE3 /* Release */ = {
			isa = XCBuildConfiguration;
			buildSettings = {
				ALWAYS_SEARCH_USER_PATHS = NO;
				ASSETCATALOG_COMPILER_GENERATE_SWIFT_ASSET_SYMBOL_EXTENSIONS = YES;
				CLANG_ANALYZER_NONNULL = YES;
				CLANG_ANALYZER_NUMBER_OBJECT_CONVERSION = YES_AGGRESSIVE;
				CLANG_CXX_LANGUAGE_STANDARD = "gnu++20";
				CLANG_ENABLE_MODULES = YES;
				CLANG_ENABLE_OBJC_ARC = YES;
				CLANG_ENABLE_OBJC_WEAK = YES;
				CLANG_WARN_BLOCK_CAPTURE_AUTORELEASING = YES;
				CLANG_WARN_BOOL_CONVERSION = YES;
				CLANG_WARN_COMMA = YES;
				CLANG_WARN_CONSTANT_CONVERSION = YES;
				CLANG_WARN_DEPRECATED_OBJC_IMPLEMENTATIONS = YES;
				CLANG_WARN_DIRECT_OBJC_ISA_USAGE = YES_ERROR;
				CLANG_WARN_DOCUMENTATION_COMMENTS = YES;
				CLANG_WARN_EMPTY_BODY = YES;
				CLANG_WARN_ENUM_CONVERSION = YES;
				CLANG_WARN_INFINITE_RECURSION = YES;
				CLANG_WARN_INT_CONVERSION = YES;
				CLANG_WARN_NON_LITERAL_NULL_CONVERSION = YES;
				CLANG_WARN_OBJC_IMPLICIT_RETAIN_SELF = YES;
				CLANG_WARN_OBJC_LITERAL_CONVERSION = YES;
				CLANG_WARN_OBJC_ROOT_CLASS = YES_ERROR;
				CLANG_WARN_QUOTED_INCLUDE_IN_FRAMEWORK_HEADER = YES;
				CLANG_WARN_RANGE_LOOP_ANALYSIS = YES;
				CLANG_WARN_STRICT_PROTOTYPES = YES;
				CLANG_WARN_SUSPICIOUS_MOVE = YES;
				CLANG_WARN_UNGUARDED_AVAILABILITY = YES_AGGRESSIVE;
				CLANG_WARN_UNREACHABLE_CODE = YES;
				CLANG_WARN__DUPLICATE_METHOD_MATCH = YES;
				COPY_PHASE_STRIP = NO;
				DEBUG_INFORMATION_FORMAT = "dwarf-with-dsym";
				ENABLE_NS_ASSERTIONS = NO;
				ENABLE_STRICT_OBJC_MSGSEND = YES;
				ENABLE_USER_SCRIPT_SANDBOXING = YES;
				GCC_C_LANGUAGE_STANDARD = gnu17;
				GCC_NO_COMMON_BLOCKS = YES;
				GCC_WARN_64_TO_32_BIT_CONVERSION = YES;
				GCC_WARN_ABOUT_RETURN_TYPE = YES_ERROR;
				GCC_WARN_UNDECLARED_SELECTOR = YES;
				GCC_WARN_UNINITIALIZED_AUTOS = YES_AGGRESSIVE;
				GCC_WARN_UNUSED_FUNCTION = YES;
				GCC_WARN_UNUSED_VARIABLE = YES;
				IPHONEOS_DEPLOYMENT_TARGET = 17.2;
				LOCALIZATION_PREFERS_STRING_CATALOGS = YES;
				MTL_ENABLE_DEBUG_INFO = NO;
				MTL_FAST_MATH = YES;
				SDKROOT = iphoneos;
				SWIFT_COMPILATION_MODE = wholemodule;
				VALIDATE_PRODUCT = YES;
			};
			name = Release;
		};
		B73601352BD011D40047FCE3 /* Debug */ = {
			isa = XCBuildConfiguration;
			buildSettings = {
				ASSETCATALOG_COMPILER_APPICON_NAME = AppIcon;
				ASSETCATALOG_COMPILER_GLOBAL_ACCENT_COLOR_NAME = AccentColor;
				CODE_SIGN_STYLE = Automatic;
				CURRENT_PROJECT_VERSION = 1;
				DEVELOPMENT_TEAM = 8AUTQRMMWL;
				GENERATE_INFOPLIST_FILE = YES;
				INFOPLIST_FILE = "Symptom Tracker/Info.plist";
				INFOPLIST_KEY_UIApplicationSupportsIndirectInputEvents = YES;
				INFOPLIST_KEY_UILaunchStoryboardName = LaunchScreen;
				INFOPLIST_KEY_UIMainStoryboardFile = Main;
				INFOPLIST_KEY_UISupportedInterfaceOrientations_iPad = "UIInterfaceOrientationPortrait UIInterfaceOrientationPortraitUpsideDown UIInterfaceOrientationLandscapeLeft UIInterfaceOrientationLandscapeRight";
				INFOPLIST_KEY_UISupportedInterfaceOrientations_iPhone = "UIInterfaceOrientationPortrait UIInterfaceOrientationLandscapeLeft UIInterfaceOrientationLandscapeRight";
				LD_RUNPATH_SEARCH_PATHS = (
					"$(inherited)",
					"@executable_path/Frameworks",
				);
				MARKETING_VERSION = 1.0;
				PRODUCT_BUNDLE_IDENTIFIER = "Sleep-Matters-Initiative.Symptom-Tracker";
				PRODUCT_NAME = "$(TARGET_NAME)";
				SWIFT_EMIT_LOC_STRINGS = YES;
				SWIFT_VERSION = 5.0;
				TARGETED_DEVICE_FAMILY = "1,2";
			};
			name = Debug;
		};
		B73601362BD011D40047FCE3 /* Release */ = {
			isa = XCBuildConfiguration;
			buildSettings = {
				ASSETCATALOG_COMPILER_APPICON_NAME = AppIcon;
				ASSETCATALOG_COMPILER_GLOBAL_ACCENT_COLOR_NAME = AccentColor;
				CODE_SIGN_STYLE = Automatic;
				CURRENT_PROJECT_VERSION = 1;
				DEVELOPMENT_TEAM = 8AUTQRMMWL;
				GENERATE_INFOPLIST_FILE = YES;
				INFOPLIST_FILE = "Symptom Tracker/Info.plist";
				INFOPLIST_KEY_UIApplicationSupportsIndirectInputEvents = YES;
				INFOPLIST_KEY_UILaunchStoryboardName = LaunchScreen;
				INFOPLIST_KEY_UIMainStoryboardFile = Main;
				INFOPLIST_KEY_UISupportedInterfaceOrientations_iPad = "UIInterfaceOrientationPortrait UIInterfaceOrientationPortraitUpsideDown UIInterfaceOrientationLandscapeLeft UIInterfaceOrientationLandscapeRight";
				INFOPLIST_KEY_UISupportedInterfaceOrientations_iPhone = "UIInterfaceOrientationPortrait UIInterfaceOrientationLandscapeLeft UIInterfaceOrientationLandscapeRight";
				LD_RUNPATH_SEARCH_PATHS = (
					"$(inherited)",
					"@executable_path/Frameworks",
				);
				MARKETING_VERSION = 1.0;
				PRODUCT_BUNDLE_IDENTIFIER = "Sleep-Matters-Initiative.Symptom-Tracker";
				PRODUCT_NAME = "$(TARGET_NAME)";
				SWIFT_EMIT_LOC_STRINGS = YES;
				SWIFT_VERSION = 5.0;
				TARGETED_DEVICE_FAMILY = "1,2";
			};
			name = Release;
		};
		B73601382BD011D40047FCE3 /* Debug */ = {
			isa = XCBuildConfiguration;
			buildSettings = {
				ALWAYS_EMBED_SWIFT_STANDARD_LIBRARIES = YES;
				BUNDLE_LOADER = "$(TEST_HOST)";
				CODE_SIGN_STYLE = Automatic;
				CURRENT_PROJECT_VERSION = 1;
				DEVELOPMENT_TEAM = 8AUTQRMMWL;
				GENERATE_INFOPLIST_FILE = YES;
				IPHONEOS_DEPLOYMENT_TARGET = 17.2;
				MARKETING_VERSION = 1.0;
				PRODUCT_BUNDLE_IDENTIFIER = "Sleep-Matters-Initiative.Symptom-TrackerTests";
				PRODUCT_NAME = "$(TARGET_NAME)";
				SWIFT_EMIT_LOC_STRINGS = NO;
				SWIFT_VERSION = 5.0;
				TARGETED_DEVICE_FAMILY = "1,2";
				TEST_HOST = "$(BUILT_PRODUCTS_DIR)/Symptom Tracker.app/$(BUNDLE_EXECUTABLE_FOLDER_PATH)/Symptom Tracker";
			};
			name = Debug;
		};
		B73601392BD011D40047FCE3 /* Release */ = {
			isa = XCBuildConfiguration;
			buildSettings = {
				ALWAYS_EMBED_SWIFT_STANDARD_LIBRARIES = YES;
				BUNDLE_LOADER = "$(TEST_HOST)";
				CODE_SIGN_STYLE = Automatic;
				CURRENT_PROJECT_VERSION = 1;
				DEVELOPMENT_TEAM = 8AUTQRMMWL;
				GENERATE_INFOPLIST_FILE = YES;
				IPHONEOS_DEPLOYMENT_TARGET = 17.2;
				MARKETING_VERSION = 1.0;
				PRODUCT_BUNDLE_IDENTIFIER = "Sleep-Matters-Initiative.Symptom-TrackerTests";
				PRODUCT_NAME = "$(TARGET_NAME)";
				SWIFT_EMIT_LOC_STRINGS = NO;
				SWIFT_VERSION = 5.0;
				TARGETED_DEVICE_FAMILY = "1,2";
				TEST_HOST = "$(BUILT_PRODUCTS_DIR)/Symptom Tracker.app/$(BUNDLE_EXECUTABLE_FOLDER_PATH)/Symptom Tracker";
			};
			name = Release;
		};
		B736013B2BD011D40047FCE3 /* Debug */ = {
			isa = XCBuildConfiguration;
			buildSettings = {
				ALWAYS_EMBED_SWIFT_STANDARD_LIBRARIES = YES;
				CODE_SIGN_STYLE = Automatic;
				CURRENT_PROJECT_VERSION = 1;
				DEVELOPMENT_TEAM = 8AUTQRMMWL;
				GENERATE_INFOPLIST_FILE = YES;
				MARKETING_VERSION = 1.0;
				PRODUCT_BUNDLE_IDENTIFIER = "Sleep-Matters-Initiative.Symptom-TrackerUITests";
				PRODUCT_NAME = "$(TARGET_NAME)";
				SWIFT_EMIT_LOC_STRINGS = NO;
				SWIFT_VERSION = 5.0;
				TARGETED_DEVICE_FAMILY = "1,2";
				TEST_TARGET_NAME = "Symptom Tracker";
			};
			name = Debug;
		};
		B736013C2BD011D40047FCE3 /* Release */ = {
			isa = XCBuildConfiguration;
			buildSettings = {
				ALWAYS_EMBED_SWIFT_STANDARD_LIBRARIES = YES;
				CODE_SIGN_STYLE = Automatic;
				CURRENT_PROJECT_VERSION = 1;
				DEVELOPMENT_TEAM = 8AUTQRMMWL;
				GENERATE_INFOPLIST_FILE = YES;
				MARKETING_VERSION = 1.0;
				PRODUCT_BUNDLE_IDENTIFIER = "Sleep-Matters-Initiative.Symptom-TrackerUITests";
				PRODUCT_NAME = "$(TARGET_NAME)";
				SWIFT_EMIT_LOC_STRINGS = NO;
				SWIFT_VERSION = 5.0;
				TARGETED_DEVICE_FAMILY = "1,2";
				TEST_TARGET_NAME = "Symptom Tracker";
			};
			name = Release;
		};
/* End XCBuildConfiguration section */

/* Begin XCConfigurationList section */
		B73601022BD011D10047FCE3 /* Build configuration list for PBXProject "Symptom Tracker" */ = {
			isa = XCConfigurationList;
			buildConfigurations = (
				B73601322BD011D40047FCE3 /* Debug */,
				B73601332BD011D40047FCE3 /* Release */,
			);
			defaultConfigurationIsVisible = 0;
			defaultConfigurationName = Release;
		};
		B73601342BD011D40047FCE3 /* Build configuration list for PBXNativeTarget "Symptom Tracker" */ = {
			isa = XCConfigurationList;
			buildConfigurations = (
				B73601352BD011D40047FCE3 /* Debug */,
				B73601362BD011D40047FCE3 /* Release */,
			);
			defaultConfigurationIsVisible = 0;
			defaultConfigurationName = Release;
		};
		B73601372BD011D40047FCE3 /* Build configuration list for PBXNativeTarget "Symptom TrackerTests" */ = {
			isa = XCConfigurationList;
			buildConfigurations = (
				B73601382BD011D40047FCE3 /* Debug */,
				B73601392BD011D40047FCE3 /* Release */,
			);
			defaultConfigurationIsVisible = 0;
			defaultConfigurationName = Release;
		};
		B736013A2BD011D40047FCE3 /* Build configuration list for PBXNativeTarget "Symptom TrackerUITests" */ = {
			isa = XCConfigurationList;
			buildConfigurations = (
				B736013B2BD011D40047FCE3 /* Debug */,
				B736013C2BD011D40047FCE3 /* Release */,
			);
			defaultConfigurationIsVisible = 0;
			defaultConfigurationName = Release;
		};
/* End XCConfigurationList section */

/* Begin XCRemoteSwiftPackageReference section */
		B736013D2BD0122D0047FCE3 /* XCRemoteSwiftPackageReference "CareKit" */ = {
			isa = XCRemoteSwiftPackageReference;
			repositoryURL = "https://github.com/carekit-apple/CareKit";
			requirement = {
				branch = main;
				kind = branch;
			};
		};
/* End XCRemoteSwiftPackageReference section */

/* Begin XCSwiftPackageProductDependency section */
		B736013E2BD0122D0047FCE3 /* CareKit */ = {
			isa = XCSwiftPackageProductDependency;
			package = B736013D2BD0122D0047FCE3 /* XCRemoteSwiftPackageReference "CareKit" */;
			productName = CareKit;
		};
		B73601402BD0122D0047FCE3 /* CareKitFHIR */ = {
			isa = XCSwiftPackageProductDependency;
			package = B736013D2BD0122D0047FCE3 /* XCRemoteSwiftPackageReference "CareKit" */;
			productName = CareKitFHIR;
		};
		B73601422BD0122D0047FCE3 /* CareKitStore */ = {
			isa = XCSwiftPackageProductDependency;
			package = B736013D2BD0122D0047FCE3 /* XCRemoteSwiftPackageReference "CareKit" */;
			productName = CareKitStore;
		};
		B73601442BD0122D0047FCE3 /* CareKitUI */ = {
			isa = XCSwiftPackageProductDependency;
			package = B736013D2BD0122D0047FCE3 /* XCRemoteSwiftPackageReference "CareKit" */;
			productName = CareKitUI;
		};
/* End XCSwiftPackageProductDependency section */

/* Begin XCVersionGroup section */
		B73601132BD011D10047FCE3 /* Symptom_Tracker.xcdatamodeld */ = {
			isa = XCVersionGroup;
			children = (
				B73601142BD011D10047FCE3 /* Symptom_Tracker.xcdatamodel */,
			);
			currentVersion = B73601142BD011D10047FCE3 /* Symptom_Tracker.xcdatamodel */;
			path = Symptom_Tracker.xcdatamodeld;
			sourceTree = "<group>";
			versionGroupType = wrapper.xcdatamodel;
		};
/* End XCVersionGroup section */
	};
	rootObject = B73600FF2BD011D10047FCE3 /* Project object */;
}
